
Microsoft Visual Studio Solution File, Format Version 12.00
# Visual Studio Version 16
VisualStudioVersion = 16.6.30114.105
MinimumVisualStudioVersion = 10.0.40219.1
Project("{FAE04EC0-301F-11D3-BF4B-00C04F79EFBC}") = "ProEventos.Application", "ProEventos.Application\ProEventos.Application.csproj", "{A472C612-252E-48A6-8F39-196A16DF961E}"
EndProject
Project("{FAE04EC0-301F-11D3-BF4B-00C04F79EFBC}") = "ProEventos.Domain", "ProEventos.Domain\ProEventos.Domain.csproj", "{F6470750-8BFF-4154-B305-35E8D27C0637}"
EndProject
Project("{FAE04EC0-301F-11D3-BF4B-00C04F79EFBC}") = "ProEventos.API", "ProEventos.API\ProEventos.API.csproj", "{F1606F3F-4BAE-4BDE-8AB2-7CE0CA4FF10F}"
EndProject
Project("{FAE04EC0-301F-11D3-BF4B-00C04F79EFBC}") = "ProEventos.Persistence", "ProEventos.Persistence\ProEventos.Persistence.csproj", "{187273A8-0BFA-40B9-B12C-3ADC356A78E1}"
EndProject
Global
	GlobalSection(SolutionConfigurationPlatforms) = preSolution
		Debug|Any CPU = Debug|Any CPU
		Debug|x64 = Debug|x64
		Debug|x86 = Debug|x86
		Release|Any CPU = Release|Any CPU
		Release|x64 = Release|x64
		Release|x86 = Release|x86
	EndGlobalSection
	GlobalSection(SolutionProperties) = preSolution
		HideSolutionNode = FALSE
	EndGlobalSection
	GlobalSection(ProjectConfigurationPlatforms) = postSolution
		{A472C612-252E-48A6-8F39-196A16DF961E}.Debug|Any CPU.ActiveCfg = Debug|Any CPU
		{A472C612-252E-48A6-8F39-196A16DF961E}.Debug|Any CPU.Build.0 = Debug|Any CPU
		{A472C612-252E-48A6-8F39-196A16DF961E}.Debug|x64.ActiveCfg = Debug|Any CPU
		{A472C612-252E-48A6-8F39-196A16DF961E}.Debug|x64.Build.0 = Debug|Any CPU
		{A472C612-252E-48A6-8F39-196A16DF961E}.Debug|x86.ActiveCfg = Debug|Any CPU
		{A472C612-252E-48A6-8F39-196A16DF961E}.Debug|x86.Build.0 = Debug|Any CPU
		{A472C612-252E-48A6-8F39-196A16DF961E}.Release|Any CPU.ActiveCfg = Release|Any CPU
		{A472C612-252E-48A6-8F39-196A16DF961E}.Release|Any CPU.Build.0 = Release|Any CPU
		{A472C612-252E-48A6-8F39-196A16DF961E}.Release|x64.ActiveCfg = Release|Any CPU
		{A472C612-252E-48A6-8F39-196A16DF961E}.Release|x64.Build.0 = Release|Any CPU
		{A472C612-252E-48A6-8F39-196A16DF961E}.Release|x86.ActiveCfg = Release|Any CPU
		{A472C612-252E-48A6-8F39-196A16DF961E}.Release|x86.Build.0 = Release|Any CPU
		{F6470750-8BFF-4154-B305-35E8D27C0637}.Debug|Any CPU.ActiveCfg = Debug|Any CPU
		{F6470750-8BFF-4154-B305-35E8D27C0637}.Debug|Any CPU.Build.0 = Debug|Any CPU
		{F6470750-8BFF-4154-B305-35E8D27C0637}.Debug|x64.ActiveCfg = Debug|Any CPU
		{F6470750-8BFF-4154-B305-35E8D27C0637}.Debug|x64.Build.0 = Debug|Any CPU
		{F6470750-8BFF-4154-B305-35E8D27C0637}.Debug|x86.ActiveCfg = Debug|Any CPU
		{F6470750-8BFF-4154-B305-35E8D27C0637}.Debug|x86.Build.0 = Debug|Any CPU
		{F6470750-8BFF-4154-B305-35E8D27C0637}.Release|Any CPU.ActiveCfg = Release|Any CPU
		{F6470750-8BFF-4154-B305-35E8D27C0637}.Release|Any CPU.Build.0 = Release|Any CPU
		{F6470750-8BFF-4154-B305-35E8D27C0637}.Release|x64.ActiveCfg = Release|Any CPU
		{F6470750-8BFF-4154-B305-35E8D27C0637}.Release|x64.Build.0 = Release|Any CPU
		{F6470750-8BFF-4154-B305-35E8D27C0637}.Release|x86.ActiveCfg = Release|Any CPU
		{F6470750-8BFF-4154-B305-35E8D27C0637}.Release|x86.Build.0 = Release|Any CPU
		{F1606F3F-4BAE-4BDE-8AB2-7CE0CA4FF10F}.Debug|Any CPU.ActiveCfg = Debug|Any CPU
		{F1606F3F-4BAE-4BDE-8AB2-7CE0CA4FF10F}.Debug|Any CPU.Build.0 = Debug|Any CPU
		{F1606F3F-4BAE-4BDE-8AB2-7CE0CA4FF10F}.Debug|x64.ActiveCfg = Debug|Any CPU
		{F1606F3F-4BAE-4BDE-8AB2-7CE0CA4FF10F}.Debug|x64.Build.0 = Debug|Any CPU
		{F1606F3F-4BAE-4BDE-8AB2-7CE0CA4FF10F}.Debug|x86.ActiveCfg = Debug|Any CPU
		{F1606F3F-4BAE-4BDE-8AB2-7CE0CA4FF10F}.Debug|x86.Build.0 = Debug|Any CPU
		{F1606F3F-4BAE-4BDE-8AB2-7CE0CA4FF10F}.Release|Any CPU.ActiveCfg = Release|Any CPU
		{F1606F3F-4BAE-4BDE-8AB2-7CE0CA4FF10F}.Release|Any CPU.Build.0 = Release|Any CPU
		{F1606F3F-4BAE-4BDE-8AB2-7CE0CA4FF10F}.Release|x64.ActiveCfg = Release|Any CPU
		{F1606F3F-4BAE-4BDE-8AB2-7CE0CA4FF10F}.Release|x64.Build.0 = Release|Any CPU
		{F1606F3F-4BAE-4BDE-8AB2-7CE0CA4FF10F}.Release|x86.ActiveCfg = Release|Any CPU
		{F1606F3F-4BAE-4BDE-8AB2-7CE0CA4FF10F}.Release|x86.Build.0 = Release|Any CPU
		{187273A8-0BFA-40B9-B12C-3ADC356A78E1}.Debug|Any CPU.ActiveCfg = Debug|Any CPU
		{187273A8-0BFA-40B9-B12C-3ADC356A78E1}.Debug|Any CPU.Build.0 = Debug|Any CPU
		{187273A8-0BFA-40B9-B12C-3ADC356A78E1}.Debug|x64.ActiveCfg = Debug|Any CPU
		{187273A8-0BFA-40B9-B12C-3ADC356A78E1}.Debug|x64.Build.0 = Debug|Any CPU
		{187273A8-0BFA-40B9-B12C-3ADC356A78E1}.Debug|x86.ActiveCfg = Debug|Any CPU
		{187273A8-0BFA-40B9-B12C-3ADC356A78E1}.Debug|x86.Build.0 = Debug|Any CPU
		{187273A8-0BFA-40B9-B12C-3ADC356A78E1}.Release|Any CPU.ActiveCfg = Release|Any CPU
		{187273A8-0BFA-40B9-B12C-3ADC356A78E1}.Release|Any CPU.Build.0 = Release|Any CPU
		{187273A8-0BFA-40B9-B12C-3ADC356A78E1}.Release|x64.ActiveCfg = Release|Any CPU
		{187273A8-0BFA-40B9-B12C-3ADC356A78E1}.Release|x64.Build.0 = Release|Any CPU
		{187273A8-0BFA-40B9-B12C-3ADC356A78E1}.Release|x86.ActiveCfg = Release|Any CPU
		{187273A8-0BFA-40B9-B12C-3ADC356A78E1}.Release|x86.Build.0 = Release|Any CPU
	EndGlobalSection
EndGlobal
